{
  "name": "tenoxui-pages",
  "version": "1.0.0",
  "lockfileVersion": 3,
  "requires": true,
  "packages": {
    "": {
      "name": "tenoxui-pages",
      "version": "1.0.0",
      "license": "ISC",
      "dependencies": {
        "tenoxui": "^0.3.1"
      }
    },
    "node_modules/tenoxui": {
      "version": "0.3.1",
      "resolved": "https://registry.npmjs.org/tenoxui/-/tenoxui-0.3.1.tgz",
      "integrity": "sha512-wlqg0a++6QYkb9XzwEog21yansFElr5Etu90pD4tZJW5o7FMe+boeUf0P7Uk51G0g+Wil9EvEMWPpJtjEVdEGg=="
    }
  }
}
